// !$*UTF8*$!
{
	archiveVersion = 1;
	classes = {
	};
	objectVersion = 48;
	objects = {

/* Begin PBXBuildFile section */
		A12EFF26AAE926124034AFF2 /* Pods_SomethingLikeAnAutomaton.framework in Frameworks */ = {isa = PBXBuildFile; fileRef = E8CE360698E8EE8EB5603079 /* Pods_SomethingLikeAnAutomaton.framework */; };
		FE2F6C062076739D004372B3 /* GoogleService-Info.plist in Resources */ = {isa = PBXBuildFile; fileRef = FE2F6C052076739D004372B3 /* GoogleService-Info.plist */; };
		FE3FA80720519D470046B8BA /* Assets.xcassets in Resources */ = {isa = PBXBuildFile; fileRef = FE3FA80620519D470046B8BA /* Assets.xcassets */; };
		FE6A789A20433CBB003FD598 /* AppDelegate.swift in Sources */ = {isa = PBXBuildFile; fileRef = FE6A789920433CBB003FD598 /* AppDelegate.swift */; };
		FE6A789C20433CBB003FD598 /* ViewController.swift in Sources */ = {isa = PBXBuildFile; fileRef = FE6A789B20433CBB003FD598 /* ViewController.swift */; };
		FE6A789F20433CBB003FD598 /* Main.storyboard in Resources */ = {isa = PBXBuildFile; fileRef = FE6A789D20433CBB003FD598 /* Main.storyboard */; };
		FE6A78A420433CBB003FD598 /* LaunchScreen.storyboard in Resources */ = {isa = PBXBuildFile; fileRef = FE6A78A220433CBB003FD598 /* LaunchScreen.storyboard */; };
		FE6A78AD20433E67003FD598 /* ThingsToLearn.swift in Sources */ = {isa = PBXBuildFile; fileRef = FE6A78AC20433E66003FD598 /* ThingsToLearn.swift */; };
		FE6A78AF20433F86003FD598 /* Math.swift in Sources */ = {isa = PBXBuildFile; fileRef = FE6A78AE20433F86003FD598 /* Math.swift */; };
		FECBCD8220AE2450003BA99E /* FirestoreInterface.swift in Sources */ = {isa = PBXBuildFile; fileRef = FECBCD8120AE2450003BA99E /* FirestoreInterface.swift */; };
		FECBCD8420AE31E8003BA99E /* Things.swift in Sources */ = {isa = PBXBuildFile; fileRef = FECBCD8320AE31E8003BA99E /* Things.swift */; };
		FECBCD8820AE3AE5003BA99E /* Importing.swift in Sources */ = {isa = PBXBuildFile; fileRef = FECBCD8720AE3AE5003BA99E /* Importing.swift */; };
/* End PBXBuildFile section */

/* Begin PBXFileReference section */
		329D6268705B26A1B146E92C /* Pods-SomethingLikeAnAutomaton.debug.xcconfig */ = {isa = PBXFileReference; includeInIndex = 1; lastKnownFileType = text.xcconfig; name = "Pods-SomethingLikeAnAutomaton.debug.xcconfig"; path = "Pods/Target Support Files/Pods-SomethingLikeAnAutomaton/Pods-SomethingLikeAnAutomaton.debug.xcconfig"; sourceTree = "<group>"; };
		7B2095CDE9B4A8709EDF2F33 /* Pods-SomethingLikeAnAutomaton.release.xcconfig */ = {isa = PBXFileReference; includeInIndex = 1; lastKnownFileType = text.xcconfig; name = "Pods-SomethingLikeAnAutomaton.release.xcconfig"; path = "Pods/Target Support Files/Pods-SomethingLikeAnAutomaton/Pods-SomethingLikeAnAutomaton.release.xcconfig"; sourceTree = "<group>"; };
		E8CE360698E8EE8EB5603079 /* Pods_SomethingLikeAnAutomaton.framework */ = {isa = PBXFileReference; explicitFileType = wrapper.framework; includeInIndex = 0; path = Pods_SomethingLikeAnAutomaton.framework; sourceTree = BUILT_PRODUCTS_DIR; };
		FE2F6C052076739D004372B3 /* GoogleService-Info.plist */ = {isa = PBXFileReference; fileEncoding = 4; lastKnownFileType = text.plist.xml; path = "GoogleService-Info.plist"; sourceTree = "<group>"; };
		FE3FA80620519D470046B8BA /* Assets.xcassets */ = {isa = PBXFileReference; lastKnownFileType = folder.assetcatalog; path = Assets.xcassets; sourceTree = "<group>"; };
		FE6A789620433CBB003FD598 /* SomethingLikeAnAutomaton.app */ = {isa = PBXFileReference; explicitFileType = wrapper.application; includeInIndex = 0; path = SomethingLikeAnAutomaton.app; sourceTree = BUILT_PRODUCTS_DIR; };
		FE6A789920433CBB003FD598 /* AppDelegate.swift */ = {isa = PBXFileReference; lastKnownFileType = sourcecode.swift; path = AppDelegate.swift; sourceTree = "<group>"; };
		FE6A789B20433CBB003FD598 /* ViewController.swift */ = {isa = PBXFileReference; lastKnownFileType = sourcecode.swift; path = ViewController.swift; sourceTree = "<group>"; };
		FE6A789E20433CBB003FD598 /* Base */ = {isa = PBXFileReference; lastKnownFileType = file.storyboard; name = Base; path = Base.lproj/Main.storyboard; sourceTree = "<group>"; };
		FE6A78A320433CBB003FD598 /* Base */ = {isa = PBXFileReference; lastKnownFileType = file.storyboard; name = Base; path = Base.lproj/LaunchScreen.storyboard; sourceTree = "<group>"; };
		FE6A78A520433CBB003FD598 /* Info.plist */ = {isa = PBXFileReference; lastKnownFileType = text.plist.xml; path = Info.plist; sourceTree = "<group>"; };
		FE6A78AC20433E66003FD598 /* ThingsToLearn.swift */ = {isa = PBXFileReference; fileEncoding = 4; lastKnownFileType = sourcecode.swift; path = ThingsToLearn.swift; sourceTree = "<group>"; };
		FE6A78AE20433F86003FD598 /* Math.swift */ = {isa = PBXFileReference; fileEncoding = 4; lastKnownFileType = sourcecode.swift; path = Math.swift; sourceTree = "<group>"; };
		FECBCD8120AE2450003BA99E /* FirestoreInterface.swift */ = {isa = PBXFileReference; lastKnownFileType = sourcecode.swift; path = FirestoreInterface.swift; sourceTree = "<group>"; };
		FECBCD8320AE31E8003BA99E /* Things.swift */ = {isa = PBXFileReference; lastKnownFileType = sourcecode.swift; path = Things.swift; sourceTree = "<group>"; };
		FECBCD8720AE3AE5003BA99E /* Importing.swift */ = {isa = PBXFileReference; lastKnownFileType = sourcecode.swift; path = Importing.swift; sourceTree = "<group>"; };
/* End PBXFileReference section */

/* Begin PBXFrameworksBuildPhase section */
		FE6A789320433CBB003FD598 /* Frameworks */ = {
			isa = PBXFrameworksBuildPhase;
			buildActionMask = 2147483647;
			files = (
				A12EFF26AAE926124034AFF2 /* Pods_SomethingLikeAnAutomaton.framework in Frameworks */,
			);
			runOnlyForDeploymentPostprocessing = 0;
		};
/* End PBXFrameworksBuildPhase section */

/* Begin PBXGroup section */
		DEAF8EF9DEB2E05BE442C9AA /* Frameworks */ = {
			isa = PBXGroup;
			children = (
				E8CE360698E8EE8EB5603079 /* Pods_SomethingLikeAnAutomaton.framework */,
			);
			name = Frameworks;
			sourceTree = "<group>";
		};
		F5BA56D7442F9842F5AB910B /* Pods */ = {
			isa = PBXGroup;
			children = (
				329D6268705B26A1B146E92C /* Pods-SomethingLikeAnAutomaton.debug.xcconfig */,
				7B2095CDE9B4A8709EDF2F33 /* Pods-SomethingLikeAnAutomaton.release.xcconfig */,
			);
			name = Pods;
			sourceTree = "<group>";
		};
		FE6A788D20433CBB003FD598 = {
			isa = PBXGroup;
			children = (
				FE6A789820433CBB003FD598 /* SomethingLikeAnAutomaton */,
				FE6A789720433CBB003FD598 /* Products */,
				F5BA56D7442F9842F5AB910B /* Pods */,
				DEAF8EF9DEB2E05BE442C9AA /* Frameworks */,
			);
			sourceTree = "<group>";
		};
		FE6A789720433CBB003FD598 /* Products */ = {
			isa = PBXGroup;
			children = (
				FE6A789620433CBB003FD598 /* SomethingLikeAnAutomaton.app */,
			);
			name = Products;
			sourceTree = "<group>";
		};
		FE6A789820433CBB003FD598 /* SomethingLikeAnAutomaton */ = {
			isa = PBXGroup;
			children = (
				FE6A789B20433CBB003FD598 /* ViewController.swift */,
				FECBCD8320AE31E8003BA99E /* Things.swift */,
				FECBCD8120AE2450003BA99E /* FirestoreInterface.swift */,
				FE2F6C052076739D004372B3 /* GoogleService-Info.plist */,
				FE6A78AC20433E66003FD598 /* ThingsToLearn.swift */,
				FE6A78AE20433F86003FD598 /* Math.swift */,
				FECBCD8720AE3AE5003BA99E /* Importing.swift */,
				FE6A789D20433CBB003FD598 /* Main.storyboard */,
				FE6A78A520433CBB003FD598 /* Info.plist */,
				FE6A78AB20433CF1003FD598 /* Supporting Files */,
			);
			path = SomethingLikeAnAutomaton;
			sourceTree = "<group>";
		};
		FE6A78AB20433CF1003FD598 /* Supporting Files */ = {
			isa = PBXGroup;
			children = (
				FE6A789920433CBB003FD598 /* AppDelegate.swift */,
				FE3FA80620519D470046B8BA /* Assets.xcassets */,
				FE6A78A220433CBB003FD598 /* LaunchScreen.storyboard */,
			);
			path = "Supporting Files";
			sourceTree = "<group>";
		};
/* End PBXGroup section */

/* Begin PBXNativeTarget section */
		FE6A789520433CBB003FD598 /* SomethingLikeAnAutomaton */ = {
			isa = PBXNativeTarget;
			buildConfigurationList = FE6A78A820433CBB003FD598 /* Build configuration list for PBXNativeTarget "SomethingLikeAnAutomaton" */;
			buildPhases = (
				F2373D5B5DEC41D5BAA9B8C0 /* [CP] Check Pods Manifest.lock */,
				FE6A789220433CBB003FD598 /* Sources */,
				FE6A789320433CBB003FD598 /* Frameworks */,
				FE6A789420433CBB003FD598 /* Resources */,
				D1EBA92D4EA1F604AAAF6926 /* [CP] Embed Pods Frameworks */,
				C1958700E8E7B6D702C2ABFE /* [CP] Copy Pods Resources */,
			);
			buildRules = (
			);
			dependencies = (
			);
			name = SomethingLikeAnAutomaton;
			productName = SomethingLikeAnAutomaton;
			productReference = FE6A789620433CBB003FD598 /* SomethingLikeAnAutomaton.app */;
			productType = "com.apple.product-type.application";
		};
/* End PBXNativeTarget section */

/* Begin PBXProject section */
		FE6A788E20433CBB003FD598 /* Project object */ = {
			isa = PBXProject;
			attributes = {
				LastSwiftUpdateCheck = 0920;
				LastUpgradeCheck = 0930;
				ORGANIZATIONNAME = Ente;
				TargetAttributes = {
					FE6A789520433CBB003FD598 = {
						CreatedOnToolsVersion = 9.2;
						ProvisioningStyle = Automatic;
					};
				};
			};
			buildConfigurationList = FE6A789120433CBB003FD598 /* Build configuration list for PBXProject "SomethingLikeAnAutomaton" */;
			compatibilityVersion = "Xcode 8.0";
			developmentRegion = en;
			hasScannedForEncodings = 0;
			knownRegions = (
				en,
				Base,
			);
			mainGroup = FE6A788D20433CBB003FD598;
			productRefGroup = FE6A789720433CBB003FD598 /* Products */;
			projectDirPath = "";
			projectRoot = "";
			targets = (
				FE6A789520433CBB003FD598 /* SomethingLikeAnAutomaton */,
			);
		};
/* End PBXProject section */

/* Begin PBXResourcesBuildPhase section */
		FE6A789420433CBB003FD598 /* Resources */ = {
			isa = PBXResourcesBuildPhase;
			buildActionMask = 2147483647;
			files = (
				FE6A78A420433CBB003FD598 /* LaunchScreen.storyboard in Resources */,
				FE2F6C062076739D004372B3 /* GoogleService-Info.plist in Resources */,
				FE3FA80720519D470046B8BA /* Assets.xcassets in Resources */,
				FE6A789F20433CBB003FD598 /* Main.storyboard in Resources */,
			);
			runOnlyForDeploymentPostprocessing = 0;
		};
/* End PBXResourcesBuildPhase section */

/* Begin PBXShellScriptBuildPhase section */
		C1958700E8E7B6D702C2ABFE /* [CP] Copy Pods Resources */ = {
			isa = PBXShellScriptBuildPhase;
			buildActionMask = 2147483647;
			files = (
			);
			inputPaths = (
			);
			name = "[CP] Copy Pods Resources";
			outputPaths = (
			);
			runOnlyForDeploymentPostprocessing = 0;
			shellPath = /bin/sh;
			shellScript = "\"${SRCROOT}/Pods/Target Support Files/Pods-SomethingLikeAnAutomaton/Pods-SomethingLikeAnAutomaton-resources.sh\"\n";
			showEnvVarsInLog = 0;
		};
		D1EBA92D4EA1F604AAAF6926 /* [CP] Embed Pods Frameworks */ = {
			isa = PBXShellScriptBuildPhase;
			buildActionMask = 2147483647;
			files = (
			);
			inputPaths = (
				"${SRCROOT}/Pods/Target Support Files/Pods-SomethingLikeAnAutomaton/Pods-SomethingLikeAnAutomaton-frameworks.sh",
				"${BUILT_PRODUCTS_DIR}/BoringSSL/openssl.framework",
				"${BUILT_PRODUCTS_DIR}/GoogleToolboxForMac/GoogleToolboxForMac.framework",
				"${BUILT_PRODUCTS_DIR}/Protobuf/Protobuf.framework",
				"${BUILT_PRODUCTS_DIR}/gRPC/GRPCClient.framework",
				"${BUILT_PRODUCTS_DIR}/gRPC-Core/grpc.framework",
				"${BUILT_PRODUCTS_DIR}/gRPC-ProtoRPC/ProtoRPC.framework",
				"${BUILT_PRODUCTS_DIR}/gRPC-RxLibrary/RxLibrary.framework",
				"${BUILT_PRODUCTS_DIR}/leveldb-library/leveldb.framework",
				"${BUILT_PRODUCTS_DIR}/nanopb/nanopb.framework",
			);
			name = "[CP] Embed Pods Frameworks";
			outputPaths = (
				"${TARGET_BUILD_DIR}/${FRAMEWORKS_FOLDER_PATH}/openssl.framework",
				"${TARGET_BUILD_DIR}/${FRAMEWORKS_FOLDER_PATH}/GoogleToolboxForMac.framework",
				"${TARGET_BUILD_DIR}/${FRAMEWORKS_FOLDER_PATH}/Protobuf.framework",
				"${TARGET_BUILD_DIR}/${FRAMEWORKS_FOLDER_PATH}/GRPCClient.framework",
				"${TARGET_BUILD_DIR}/${FRAMEWORKS_FOLDER_PATH}/grpc.framework",
				"${TARGET_BUILD_DIR}/${FRAMEWORKS_FOLDER_PATH}/ProtoRPC.framework",
				"${TARGET_BUILD_DIR}/${FRAMEWORKS_FOLDER_PATH}/RxLibrary.framework",
				"${TARGET_BUILD_DIR}/${FRAMEWORKS_FOLDER_PATH}/leveldb.framework",
				"${TARGET_BUILD_DIR}/${FRAMEWORKS_FOLDER_PATH}/nanopb.framework",
			);
			runOnlyForDeploymentPostprocessing = 0;
			shellPath = /bin/sh;
			shellScript = "\"${SRCROOT}/Pods/Target Support Files/Pods-SomethingLikeAnAutomaton/Pods-SomethingLikeAnAutomaton-frameworks.sh\"\n";
			showEnvVarsInLog = 0;
		};
		F2373D5B5DEC41D5BAA9B8C0 /* [CP] Check Pods Manifest.lock */ = {
			isa = PBXShellScriptBuildPhase;
			buildActionMask = 2147483647;
			files = (
			);
			inputPaths = (
				"${PODS_PODFILE_DIR_PATH}/Podfile.lock",
				"${PODS_ROOT}/Manifest.lock",
			);
			name = "[CP] Check Pods Manifest.lock";
			outputPaths = (
				"$(DERIVED_FILE_DIR)/Pods-SomethingLikeAnAutomaton-checkManifestLockResult.txt",
			);
			runOnlyForDeploymentPostprocessing = 0;
			shellPath = /bin/sh;
			shellScript = "diff \"${PODS_PODFILE_DIR_PATH}/Podfile.lock\" \"${PODS_ROOT}/Manifest.lock\" > /dev/null\nif [ $? != 0 ] ; then\n    # print error to STDERR\n    echo \"error: The sandbox is not in sync with the Podfile.lock. Run 'pod install' or update your CocoaPods installation.\" >&2\n    exit 1\nfi\n# This output is used by Xcode 'outputs' to avoid re-running this script phase.\necho \"SUCCESS\" > \"${SCRIPT_OUTPUT_FILE_0}\"\n";
			showEnvVarsInLog = 0;
		};
/* End PBXShellScriptBuildPhase section */

/* Begin PBXSourcesBuildPhase section */
		FE6A789220433CBB003FD598 /* Sources */ = {
			isa = PBXSourcesBuildPhase;
			buildActionMask = 2147483647;
			files = (
				FECBCD8220AE2450003BA99E /* FirestoreInterface.swift in Sources */,
				FE6A789C20433CBB003FD598 /* ViewController.swift in Sources */,
				FE6A789A20433CBB003FD598 /* AppDelegate.swift in Sources */,
				FECBCD8820AE3AE5003BA99E /* Importing.swift in Sources */,
				FE6A78AD20433E67003FD598 /* ThingsToLearn.swift in Sources */,
				FECBCD8420AE31E8003BA99E /* Things.swift in Sources */,
				FE6A78AF20433F86003FD598 /* Math.swift in Sources */,
			);
			runOnlyForDeploymentPostprocessing = 0;
		};
/* End PBXSourcesBuildPhase section */

/* Begin PBXVariantGroup section */
		FE6A789D20433CBB003FD598 /* Main.storyboard */ = {
			isa = PBXVariantGroup;
			children = (
				FE6A789E20433CBB003FD598 /* Base */,
			);
			name = Main.storyboard;
			sourceTree = "<group>";
		};
		FE6A78A220433CBB003FD598 /* LaunchScreen.storyboard */ = {
			isa = PBXVariantGroup;
			children = (
				FE6A78A320433CBB003FD598 /* Base */,
			);
			name = LaunchScreen.storyboard;
			sourceTree = "<group>";
		};
/* End PBXVariantGroup section */

/* Begin XCBuildConfiguration section */
		FE6A78A620433CBB003FD598 /* Debug */ = {
			isa = XCBuildConfiguration;
			buildSettings = {
				ALWAYS_SEARCH_USER_PATHS = NO;
				CLANG_ANALYZER_NONNULL = YES;
				CLANG_ANALYZER_NUMBER_OBJECT_CONVERSION = YES_AGGRESSIVE;
				CLANG_CXX_LANGUAGE_STANDARD = "gnu++14";
				CLANG_CXX_LIBRARY = "libc++";
				CLANG_ENABLE_MODULES = YES;
				CLANG_ENABLE_OBJC_ARC = YES;
				CLANG_WARN_BLOCK_CAPTURE_AUTORELEASING = YES;
				CLANG_WARN_BOOL_CONVERSION = YES;
				CLANG_WARN_COMMA = YES;
				CLANG_WARN_CONSTANT_CONVERSION = YES;
				CLANG_WARN_DEPRECATED_OBJC_IMPLEMENTATIONS = YES;
				CLANG_WARN_DIRECT_OBJC_ISA_USAGE = YES_ERROR;
				CLANG_WARN_DOCUMENTATION_COMMENTS = YES;
				CLANG_WARN_EMPTY_BODY = YES;
				CLANG_WARN_ENUM_CONVERSION = YES;
				CLANG_WARN_INFINITE_RECURSION = YES;
				CLANG_WARN_INT_CONVERSION = YES;
				CLANG_WARN_NON_LITERAL_NULL_CONVERSION = YES;
				CLANG_WARN_OBJC_IMPLICIT_RETAIN_SELF = YES;
				CLANG_WARN_OBJC_LITERAL_CONVERSION = YES;
				CLANG_WARN_OBJC_ROOT_CLASS = YES_ERROR;
				CLANG_WARN_RANGE_LOOP_ANALYSIS = YES;
				CLANG_WARN_STRICT_PROTOTYPES = YES;
				CLANG_WARN_SUSPICIOUS_MOVE = YES;
				CLANG_WARN_UNGUARDED_AVAILABILITY = YES_AGGRESSIVE;
				CLANG_WARN_UNREACHABLE_CODE = YES;
				CLANG_WARN__DUPLICATE_METHOD_MATCH = YES;
				CODE_SIGN_IDENTITY = "iPhone Developer";
				COPY_PHASE_STRIP = NO;
				DEBUG_INFORMATION_FORMAT = dwarf;
				ENABLE_STRICT_OBJC_MSGSEND = YES;
				ENABLE_TESTABILITY = YES;
				GCC_C_LANGUAGE_STANDARD = gnu11;
				GCC_DYNAMIC_NO_PIC = NO;
				GCC_NO_COMMON_BLOCKS = YES;
				GCC_OPTIMIZATION_LEVEL = 0;
				GCC_PREPROCESSOR_DEFINITIONS = (
					"DEBUG=1",
					"$(inherited)",
				);
				GCC_WARN_64_TO_32_BIT_CONVERSION = YES;
				GCC_WARN_ABOUT_RETURN_TYPE = YES_ERROR;
				GCC_WARN_UNDECLARED_SELECTOR = YES;
				GCC_WARN_UNINITIALIZED_AUTOS = YES_AGGRESSIVE;
				GCC_WARN_UNUSED_FUNCTION = YES;
				GCC_WARN_UNUSED_VARIABLE = YES;
				IPHONEOS_DEPLOYMENT_TARGET = 11.2;
				MTL_ENABLE_DEBUG_INFO = YES;
				ONLY_ACTIVE_ARCH = YES;
				SDKROOT = iphoneos;
				SWIFT_ACTIVE_COMPILATION_CONDITIONS = DEBUG;
				SWIFT_OPTIMIZATION_LEVEL = "-Onone";
			};
			name = Debug;
		};
		FE6A78A720433CBB003FD598 /* Release */ = {
			isa = XCBuildConfiguration;
			buildSettings = {
				ALWAYS_SEARCH_USER_PATHS = NO;
				CLANG_ANALYZER_NONNULL = YES;
				CLANG_ANALYZER_NUMBER_OBJECT_CONVERSION = YES_AGGRESSIVE;
				CLANG_CXX_LANGUAGE_STANDARD = "gnu++14";
				CLANG_CXX_LIBRARY = "libc++";
				CLANG_ENABLE_MODULES = YES;
				CLANG_ENABLE_OBJC_ARC = YES;
				CLANG_WARN_BLOCK_CAPTURE_AUTORELEASING = YES;
				CLANG_WARN_BOOL_CONVERSION = YES;
				CLANG_WARN_COMMA = YES;
				CLANG_WARN_CONSTANT_CONVERSION = YES;
				CLANG_WARN_DEPRECATED_OBJC_IMPLEMENTATIONS = YES;
				CLANG_WARN_DIRECT_OBJC_ISA_USAGE = YES_ERROR;
				CLANG_WARN_DOCUMENTATION_COMMENTS = YES;
				CLANG_WARN_EMPTY_BODY = YES;
				CLANG_WARN_ENUM_CONVERSION = YES;
				CLANG_WARN_INFINITE_RECURSION = YES;
				CLANG_WARN_INT_CONVERSION = YES;
				CLANG_WARN_NON_LITERAL_NULL_CONVERSION = YES;
				CLANG_WARN_OBJC_IMPLICIT_RETAIN_SELF = YES;
				CLANG_WARN_OBJC_LITERAL_CONVERSION = YES;
				CLANG_WARN_OBJC_ROOT_CLASS = YES_ERROR;
				CLANG_WARN_RANGE_LOOP_ANALYSIS = YES;
				CLANG_WARN_STRICT_PROTOTYPES = YES;
				CLANG_WARN_SUSPICIOUS_MOVE = YES;
				CLANG_WARN_UNGUARDED_AVAILABILITY = YES_AGGRESSIVE;
				CLANG_WARN_UNREACHABLE_CODE = YES;
				CLANG_WARN__DUPLICATE_METHOD_MATCH = YES;
				CODE_SIGN_IDENTITY = "iPhone Developer";
				COPY_PHASE_STRIP = NO;
				DEBUG_INFORMATION_FORMAT = "dwarf-with-dsym";
				ENABLE_NS_ASSERTIONS = NO;
				ENABLE_STRICT_OBJC_MSGSEND = YES;
				GCC_C_LANGUAGE_STANDARD = gnu11;
				GCC_NO_COMMON_BLOCKS = YES;
				GCC_WARN_64_TO_32_BIT_CONVERSION = YES;
				GCC_WARN_ABOUT_RETURN_TYPE = YES_ERROR;
				GCC_WARN_UNDECLARED_SELECTOR = YES;
				GCC_WARN_UNINITIALIZED_AUTOS = YES_AGGRESSIVE;
				GCC_WARN_UNUSED_FUNCTION = YES;
				GCC_WARN_UNUSED_VARIABLE = YES;
				IPHONEOS_DEPLOYMENT_TARGET = 11.2;
				MTL_ENABLE_DEBUG_INFO = NO;
				SDKROOT = iphoneos;
				SWIFT_OPTIMIZATION_LEVEL = "-Owholemodule";
				VALIDATE_PRODUCT = YES;
			};
			name = Release;
		};
		FE6A78A920433CBB003FD598 /* Debug */ = {
			isa = XCBuildConfiguration;
			baseConfigurationReference = 329D6268705B26A1B146E92C /* Pods-SomethingLikeAnAutomaton.debug.xcconfig */;
			buildSettings = {
				ASSETCATALOG_COMPILER_APPICON_NAME = AppIcon;
				CODE_SIGN_STYLE = Automatic;
				DEVELOPMENT_TEAM = J5Z484A28V;
				INFOPLIST_FILE = SomethingLikeAnAutomaton/Info.plist;
				LD_RUNPATH_SEARCH_PATHS = "$(inherited) @executable_path/Frameworks";
				PRODUCT_BUNDLE_IDENTIFIER = Ente.SomethingLikeAnAutomaton;
				PRODUCT_NAME = "$(TARGET_NAME)";
				SWIFT_VERSION = 4.0;
				TARGETED_DEVICE_FAMILY = "1,2";
			};
			name = Debug;
		};
		FE6A78AA20433CBB003FD598 /* Release */ = {
			isa = XCBuildConfiguration;
			baseConfigurationReference = 7B2095CDE9B4A8709EDF2F33 /* Pods-SomethingLikeAnAutomaton.release.xcconfig */;
			buildSettings = {
				ASSETCATALOG_COMPILER_APPICON_NAME = AppIcon;
				CODE_SIGN_STYLE = Automatic;
				DEVELOPMENT_TEAM = J5Z484A28V;
				INFOPLIST_FILE = SomethingLikeAnAutomaton/Info.plist;
				LD_RUNPATH_SEARCH_PATHS = "$(inherited) @executable_path/Frameworks";
				PRODUCT_BUNDLE_IDENTIFIER = Ente.SomethingLikeAnAutomaton;
				PRODUCT_NAME = "$(TARGET_NAME)";
				SWIFT_VERSION = 4.0;
				TARGETED_DEVICE_FAMILY = "1,2";
			};
			name = Release;
		};
/* End XCBuildConfiguration section */

/* Begin XCConfigurationList section */
		FE6A789120433CBB003FD598 /* Build configuration list for PBXProject "SomethingLikeAnAutomaton" */ = {
			isa = XCConfigurationList;
			buildConfigurations = (
				FE6A78A620433CBB003FD598 /* Debug */,
				FE6A78A720433CBB003FD598 /* Release */,
			);
			defaultConfigurationIsVisible = 0;
			defaultConfigurationName = Release;
		};
		FE6A78A820433CBB003FD598 /* Build configuration list for PBXNativeTarget "SomethingLikeAnAutomaton" */ = {
			isa = XCConfigurationList;
			buildConfigurations = (
				FE6A78A920433CBB003FD598 /* Debug */,
				FE6A78AA20433CBB003FD598 /* Release */,
			);
			defaultConfigurationIsVisible = 0;
			defaultConfigurationName = Release;
		};
/* End XCConfigurationList section */
	};
	rootObject = FE6A788E20433CBB003FD598 /* Project object */;
}
